
Microsoft Visual Studio Solution File, Format Version 12.00
# Visual Studio Version 16
VisualStudioVersion = 16.0.30128.36
MinimumVisualStudioVersion = 10.0.40219.1
Project("{FAE04EC0-301F-11D3-BF4B-00C04F79EFBC}") = "Bme680AdvancedSample", "Bme680AdvancedSample.csproj", "{79BD76FF-BAFE-4491-A68A-CD060BCAA6E8}"
EndProject
Global
	GlobalSection(SolutionConfigurationPlatforms) = preSolution
		Debug|Any CPU = Debug|Any CPU
		Release|Any CPU = Release|Any CPU
	EndGlobalSection
	GlobalSection(ProjectConfigurationPlatforms) = postSolution
		{79BD76FF-BAFE-4491-A68A-CD060BCAA6E8}.Debug|Any CPU.ActiveCfg = Debug|Any CPU
		{79BD76FF-BAFE-4491-A68A-CD060BCAA6E8}.Debug|Any CPU.Build.0 = Debug|Any CPU
		{79BD76FF-BAFE-4491-A68A-CD060BCAA6E8}.Release|Any CPU.ActiveCfg = Release|Any CPU
		{79BD76FF-BAFE-4491-A68A-CD060BCAA6E8}.Release|Any CPU.Build.0 = Release|Any CPU
	EndGlobalSection
	GlobalSection(SolutionProperties) = preSolution
		HideSolutionNode = FALSE
	EndGlobalSection
	GlobalSection(ExtensibilityGlobals) = postSolution
		SolutionGuid = {051F2E0F-92A5-43E9-A797-8E916A752D35}
	EndGlobalSection
EndGlobal
