
Microsoft Visual Studio Solution File, Format Version 12.00
# Visual Studio Version 16
VisualStudioVersion = 16.0.28902.138
MinimumVisualStudioVersion = 10.0.40219.1
Project("{FAE04EC0-301F-11D3-BF4B-00C04F79EFBC}") = "Bme680", "Bme680\Bme680.csproj", "{873E20B6-B0C6-4DC7-8DC4-3F2F265B8A45}"
EndProject
Global
	GlobalSection(SolutionConfigurationPlatforms) = preSolution
		Debug|Any CPU = Debug|Any CPU
		Release|Any CPU = Release|Any CPU
	EndGlobalSection
	GlobalSection(ProjectConfigurationPlatforms) = postSolution
		{873E20B6-B0C6-4DC7-8DC4-3F2F265B8A45}.Debug|Any CPU.ActiveCfg = Debug|Any CPU
		{873E20B6-B0C6-4DC7-8DC4-3F2F265B8A45}.Debug|Any CPU.Build.0 = Debug|Any CPU
		{873E20B6-B0C6-4DC7-8DC4-3F2F265B8A45}.Release|Any CPU.ActiveCfg = Release|Any CPU
		{873E20B6-B0C6-4DC7-8DC4-3F2F265B8A45}.Release|Any CPU.Build.0 = Release|Any CPU
	EndGlobalSection
	GlobalSection(SolutionProperties) = preSolution
		HideSolutionNode = FALSE
	EndGlobalSection
	GlobalSection(ExtensibilityGlobals) = postSolution
		SolutionGuid = {9325F6DE-562E-4EAA-AE11-3F5E09A8A1A3}
	EndGlobalSection
EndGlobal
